{
    "_readme": [
        "This file locks the dependencies of your project to a known state",
        "Read more about it at https://getcomposer.org/doc/01-basic-usage.md#installing-dependencies",
        "This file is @generated automatically"
    ],
    "content-hash": "fa4550fd5be4b085f4a5ada8990173d6",
    "packages": [
        {
            "name": "comtele/comtele_sdk",
            "version": "1.1.6",
            "source": {
                "type": "git",
                "url": "https://github.com/comtele/comtele-php-sdk.git",
                "reference": "e1b2b7009dbe932024285d4388d17b0f35a1649c"
            },
            "dist": {
                "type": "zip",
                "url": "https://api.github.com/repos/comtele/comtele-php-sdk/zipball/e1b2b7009dbe932024285d4388d17b0f35a1649c",
                "reference": "e1b2b7009dbe932024285d4388d17b0f35a1649c",
                "shasum": ""
            },
            "require": {
                "php": ">=5.2.8"
            },
            "type": "library",
            "autoload": {
                "psr-4": {
                    "Comtele\\": "Comtele/"
                }
            },
            "notification-url": "https://packagist.org/downloads/",
            "license": [
                "MIT"
            ],
            "authors": [
                {
                    "name": "Diego Vieira",
                    "email": "desenvolvimento@comtele.com.br"
                }
            ],
            "description": "SDK para envio de mensagens de texto usando a plataforma Comtele",
            "homepage": "https://docs.comtele.com.br",
            "keywords": [
                "api",
                "comtele",
                "rest",
                "sdk",
                "sms",
                "telephony"
            ],
            "support": {
                "issues": "https://github.com/comtele/comtele-php-sdk/issues",
                "source": "https://github.com/comtele/comtele-php-sdk/tree/v1.1.6"
            },
            "time": "2018-08-24T17:38:43+00:00"
        }
    ],
    "packages-dev": [],
    "aliases": [],
    "minimum-stability": "stable",
    "stability-flags": [],
    "prefer-stable": false,
    "prefer-lowest": false,
    "platform": [],
    "platform-dev": [],
    "plugin-api-version": "2.3.0"
}
